{
  "name": "boost-backend-test",
  "version": "1.0.0",
  "lockfileVersion": 1,
  "requires": true,
  "dependencies": {
    "obop": {
      "version": "0.0.12",
      "resolved": "https://registry.npmjs.org/obop/-/obop-0.0.12.tgz",
      "integrity": "sha1-sOxlnwWkmaP25iUoe7eBdCDw9Tk="
    },
    "process.argv": {
      "version": "0.1.0",
      "resolved": "https://registry.npmjs.org/process.argv/-/process.argv-0.1.0.tgz",
      "integrity": "sha1-IhkgUlh6CpIwnxKx4TcXoXiF0Z4=",
      "requires": {
        "obop": "^0.0.12"
      }
    }
  }
}
